// !$*UTF8*$!
{
	archiveVersion = 1;
	classes = {
	};
	objectVersion = 50;
	objects = {

/* Begin PBXBuildFile section */
		4D4504C38186DD7917538DCD /* Pods_OTPLoginTests.framework in Frameworks */ = {isa = PBXBuildFile; fileRef = 5D5282CE7C0B099455B9AF4A /* Pods_OTPLoginTests.framework */; };
		5AAA285F12242C759A2D4CFF /* Pods_OTPLogin.framework in Frameworks */ = {isa = PBXBuildFile; fileRef = 45752D26E117131B1A01AC59 /* Pods_OTPLogin.framework */; };
		72C005E322CC7FE100C9AAE6 /* AppDelegate.swift in Sources */ = {isa = PBXBuildFile; fileRef = 72C005E222CC7FE100C9AAE6 /* AppDelegate.swift */; };
		72C005E522CC7FE100C9AAE6 /* ViewController.swift in Sources */ = {isa = PBXBuildFile; fileRef = 72C005E422CC7FE100C9AAE6 /* ViewController.swift */; };
		72C005E822CC7FE100C9AAE6 /* Main.storyboard in Resources */ = {isa = PBXBuildFile; fileRef = 72C005E622CC7FE100C9AAE6 /* Main.storyboard */; };
		72C005EA22CC7FE200C9AAE6 /* Assets.xcassets in Resources */ = {isa = PBXBuildFile; fileRef = 72C005E922CC7FE200C9AAE6 /* Assets.xcassets */; };
		72C005ED22CC7FE200C9AAE6 /* LaunchScreen.storyboard in Resources */ = {isa = PBXBuildFile; fileRef = 72C005EB22CC7FE200C9AAE6 /* LaunchScreen.storyboard */; };
		72C005F822CC7FE200C9AAE6 /* OTPLoginTests.swift in Sources */ = {isa = PBXBuildFile; fileRef = 72C005F722CC7FE200C9AAE6 /* OTPLoginTests.swift */; };
/* End PBXBuildFile section */

/* Begin PBXContainerItemProxy section */
		72C005F422CC7FE200C9AAE6 /* PBXContainerItemProxy */ = {
			isa = PBXContainerItemProxy;
			containerPortal = 72C005D722CC7FE100C9AAE6 /* Project object */;
			proxyType = 1;
			remoteGlobalIDString = 72C005DE22CC7FE100C9AAE6;
			remoteInfo = OTPLogin;
		};
/* End PBXContainerItemProxy section */

/* Begin PBXFileReference section */
		03EF5823CDB6F558A6B21466 /* Pods-OTPLogin.release.xcconfig */ = {isa = PBXFileReference; includeInIndex = 1; lastKnownFileType = text.xcconfig; name = "Pods-OTPLogin.release.xcconfig"; path = "Target Support Files/Pods-OTPLogin/Pods-OTPLogin.release.xcconfig"; sourceTree = "<group>"; };
		45752D26E117131B1A01AC59 /* Pods_OTPLogin.framework */ = {isa = PBXFileReference; explicitFileType = wrapper.framework; includeInIndex = 0; path = Pods_OTPLogin.framework; sourceTree = BUILT_PRODUCTS_DIR; };
		5D5282CE7C0B099455B9AF4A /* Pods_OTPLoginTests.framework */ = {isa = PBXFileReference; explicitFileType = wrapper.framework; includeInIndex = 0; path = Pods_OTPLoginTests.framework; sourceTree = BUILT_PRODUCTS_DIR; };
		72C005DF22CC7FE100C9AAE6 /* OTPLogin.app */ = {isa = PBXFileReference; explicitFileType = wrapper.application; includeInIndex = 0; path = OTPLogin.app; sourceTree = BUILT_PRODUCTS_DIR; };
		72C005E222CC7FE100C9AAE6 /* AppDelegate.swift */ = {isa = PBXFileReference; lastKnownFileType = sourcecode.swift; path = AppDelegate.swift; sourceTree = "<group>"; };
		72C005E422CC7FE100C9AAE6 /* ViewController.swift */ = {isa = PBXFileReference; lastKnownFileType = sourcecode.swift; path = ViewController.swift; sourceTree = "<group>"; };
		72C005E722CC7FE100C9AAE6 /* Base */ = {isa = PBXFileReference; lastKnownFileType = file.storyboard; name = Base; path = Base.lproj/Main.storyboard; sourceTree = "<group>"; };
		72C005E922CC7FE200C9AAE6 /* Assets.xcassets */ = {isa = PBXFileReference; lastKnownFileType = folder.assetcatalog; path = Assets.xcassets; sourceTree = "<group>"; };
		72C005EC22CC7FE200C9AAE6 /* Base */ = {isa = PBXFileReference; lastKnownFileType = file.storyboard; name = Base; path = Base.lproj/LaunchScreen.storyboard; sourceTree = "<group>"; };
		72C005EE22CC7FE200C9AAE6 /* Info.plist */ = {isa = PBXFileReference; lastKnownFileType = text.plist.xml; path = Info.plist; sourceTree = "<group>"; };
		72C005F322CC7FE200C9AAE6 /* OTPLoginTests.xctest */ = {isa = PBXFileReference; explicitFileType = wrapper.cfbundle; includeInIndex = 0; path = OTPLoginTests.xctest; sourceTree = BUILT_PRODUCTS_DIR; };
		72C005F722CC7FE200C9AAE6 /* OTPLoginTests.swift */ = {isa = PBXFileReference; lastKnownFileType = sourcecode.swift; path = OTPLoginTests.swift; sourceTree = "<group>"; };
		72C005F922CC7FE200C9AAE6 /* Info.plist */ = {isa = PBXFileReference; lastKnownFileType = text.plist.xml; path = Info.plist; sourceTree = "<group>"; };
		8B37807EC4709B26ECD48299 /* Pods-OTPLoginTests.release.xcconfig */ = {isa = PBXFileReference; includeInIndex = 1; lastKnownFileType = text.xcconfig; name = "Pods-OTPLoginTests.release.xcconfig"; path = "Target Support Files/Pods-OTPLoginTests/Pods-OTPLoginTests.release.xcconfig"; sourceTree = "<group>"; };
		E7DD560CA69FA2EEEEE552F2 /* Pods-OTPLoginTests.debug.xcconfig */ = {isa = PBXFileReference; includeInIndex = 1; lastKnownFileType = text.xcconfig; name = "Pods-OTPLoginTests.debug.xcconfig"; path = "Target Support Files/Pods-OTPLoginTests/Pods-OTPLoginTests.debug.xcconfig"; sourceTree = "<group>"; };
		EF79A8D3E93E0904C3EA8199 /* Pods-OTPLogin.debug.xcconfig */ = {isa = PBXFileReference; includeInIndex = 1; lastKnownFileType = text.xcconfig; name = "Pods-OTPLogin.debug.xcconfig"; path = "Target Support Files/Pods-OTPLogin/Pods-OTPLogin.debug.xcconfig"; sourceTree = "<group>"; };
/* End PBXFileReference section */

/* Begin PBXFrameworksBuildPhase section */
		72C005DC22CC7FE100C9AAE6 /* Frameworks */ = {
			isa = PBXFrameworksBuildPhase;
			buildActionMask = 2147483647;
			files = (
				5AAA285F12242C759A2D4CFF /* Pods_OTPLogin.framework in Frameworks */,
			);
			runOnlyForDeploymentPostprocessing = 0;
		};
		72C005F022CC7FE200C9AAE6 /* Frameworks */ = {
			isa = PBXFrameworksBuildPhase;
			buildActionMask = 2147483647;
			files = (
				4D4504C38186DD7917538DCD /* Pods_OTPLoginTests.framework in Frameworks */,
			);
			runOnlyForDeploymentPostprocessing = 0;
		};
/* End PBXFrameworksBuildPhase section */

/* Begin PBXGroup section */
		453E18B9B104A8A99E885B53 /* Frameworks */ = {
			isa = PBXGroup;
			children = (
				45752D26E117131B1A01AC59 /* Pods_OTPLogin.framework */,
				5D5282CE7C0B099455B9AF4A /* Pods_OTPLoginTests.framework */,
			);
			name = Frameworks;
			sourceTree = "<group>";
		};
		72C005D622CC7FE100C9AAE6 = {
			isa = PBXGroup;
			children = (
				72C005E122CC7FE100C9AAE6 /* OTPLogin */,
				72C005F622CC7FE200C9AAE6 /* OTPLoginTests */,
				72C005E022CC7FE100C9AAE6 /* Products */,
				96123CD715662814FE527696 /* Pods */,
				453E18B9B104A8A99E885B53 /* Frameworks */,
			);
			sourceTree = "<group>";
		};
		72C005E022CC7FE100C9AAE6 /* Products */ = {
			isa = PBXGroup;
			children = (
				72C005DF22CC7FE100C9AAE6 /* OTPLogin.app */,
				72C005F322CC7FE200C9AAE6 /* OTPLoginTests.xctest */,
			);
			name = Products;
			sourceTree = "<group>";
		};
		72C005E122CC7FE100C9AAE6 /* OTPLogin */ = {
			isa = PBXGroup;
			children = (
				72C005E222CC7FE100C9AAE6 /* AppDelegate.swift */,
				72C005E422CC7FE100C9AAE6 /* ViewController.swift */,
				72C005E622CC7FE100C9AAE6 /* Main.storyboard */,
				72C005E922CC7FE200C9AAE6 /* Assets.xcassets */,
				72C005EB22CC7FE200C9AAE6 /* LaunchScreen.storyboard */,
				72C005EE22CC7FE200C9AAE6 /* Info.plist */,
			);
			path = OTPLogin;
			sourceTree = "<group>";
		};
		72C005F622CC7FE200C9AAE6 /* OTPLoginTests */ = {
			isa = PBXGroup;
			children = (
				72C005F722CC7FE200C9AAE6 /* OTPLoginTests.swift */,
				72C005F922CC7FE200C9AAE6 /* Info.plist */,
			);
			path = OTPLoginTests;
			sourceTree = "<group>";
		};
		96123CD715662814FE527696 /* Pods */ = {
			isa = PBXGroup;
			children = (
				EF79A8D3E93E0904C3EA8199 /* Pods-OTPLogin.debug.xcconfig */,
				03EF5823CDB6F558A6B21466 /* Pods-OTPLogin.release.xcconfig */,
				E7DD560CA69FA2EEEEE552F2 /* Pods-OTPLoginTests.debug.xcconfig */,
				8B37807EC4709B26ECD48299 /* Pods-OTPLoginTests.release.xcconfig */,
			);
			name = Pods;
			path = Pods;
			sourceTree = "<group>";
		};
/* End PBXGroup section */

/* Begin PBXNativeTarget section */
		72C005DE22CC7FE100C9AAE6 /* OTPLogin */ = {
			isa = PBXNativeTarget;
			buildConfigurationList = 72C005FC22CC7FE200C9AAE6 /* Build configuration list for PBXNativeTarget "OTPLogin" */;
			buildPhases = (
				E25CF271E24D253298299C19 /* [CP] Check Pods Manifest.lock */,
				72C005DB22CC7FE100C9AAE6 /* Sources */,
				72C005DC22CC7FE100C9AAE6 /* Frameworks */,
				72C005DD22CC7FE100C9AAE6 /* Resources */,
				2F045E4E0956E825144FD3C7 /* [CP] Embed Pods Frameworks */,
			);
			buildRules = (
			);
			dependencies = (
			);
			name = OTPLogin;
			productName = OTPLogin;
			productReference = 72C005DF22CC7FE100C9AAE6 /* OTPLogin.app */;
			productType = "com.apple.product-type.application";
		};
		72C005F222CC7FE200C9AAE6 /* OTPLoginTests */ = {
			isa = PBXNativeTarget;
			buildConfigurationList = 72C005FF22CC7FE200C9AAE6 /* Build configuration list for PBXNativeTarget "OTPLoginTests" */;
			buildPhases = (
				316DA42BC51FE9268394414B /* [CP] Check Pods Manifest.lock */,
				72C005EF22CC7FE200C9AAE6 /* Sources */,
				72C005F022CC7FE200C9AAE6 /* Frameworks */,
				72C005F122CC7FE200C9AAE6 /* Resources */,
				0A5B8DA468ACD8E59DA29EC9 /* [CP] Embed Pods Frameworks */,
			);
			buildRules = (
			);
			dependencies = (
				72C005F522CC7FE200C9AAE6 /* PBXTargetDependency */,
			);
			name = OTPLoginTests;
			productName = OTPLoginTests;
			productReference = 72C005F322CC7FE200C9AAE6 /* OTPLoginTests.xctest */;
			productType = "com.apple.product-type.bundle.unit-test";
		};
/* End PBXNativeTarget section */

/* Begin PBXProject section */
		72C005D722CC7FE100C9AAE6 /* Project object */ = {
			isa = PBXProject;
			attributes = {
				LastSwiftUpdateCheck = 1020;
				LastUpgradeCheck = 1020;
				ORGANIZATIONNAME = "Liyu Wang";
				TargetAttributes = {
					72C005DE22CC7FE100C9AAE6 = {
						CreatedOnToolsVersion = 10.2.1;
					};
					72C005F222CC7FE200C9AAE6 = {
						CreatedOnToolsVersion = 10.2.1;
						TestTargetID = 72C005DE22CC7FE100C9AAE6;
					};
				};
			};
			buildConfigurationList = 72C005DA22CC7FE100C9AAE6 /* Build configuration list for PBXProject "OTPLogin" */;
			compatibilityVersion = "Xcode 9.3";
			developmentRegion = en;
			hasScannedForEncodings = 0;
			knownRegions = (
				en,
				Base,
			);
			mainGroup = 72C005D622CC7FE100C9AAE6;
			productRefGroup = 72C005E022CC7FE100C9AAE6 /* Products */;
			projectDirPath = "";
			projectRoot = "";
			targets = (
				72C005DE22CC7FE100C9AAE6 /* OTPLogin */,
				72C005F222CC7FE200C9AAE6 /* OTPLoginTests */,
			);
		};
/* End PBXProject section */

/* Begin PBXResourcesBuildPhase section */
		72C005DD22CC7FE100C9AAE6 /* Resources */ = {
			isa = PBXResourcesBuildPhase;
			buildActionMask = 2147483647;
			files = (
				72C005ED22CC7FE200C9AAE6 /* LaunchScreen.storyboard in Resources */,
				72C005EA22CC7FE200C9AAE6 /* Assets.xcassets in Resources */,
				72C005E822CC7FE100C9AAE6 /* Main.storyboard in Resources */,
			);
			runOnlyForDeploymentPostprocessing = 0;
		};
		72C005F122CC7FE200C9AAE6 /* Resources */ = {
			isa = PBXResourcesBuildPhase;
			buildActionMask = 2147483647;
			files = (
			);
			runOnlyForDeploymentPostprocessing = 0;
		};
/* End PBXResourcesBuildPhase section */

/* Begin PBXShellScriptBuildPhase section */
		0A5B8DA468ACD8E59DA29EC9 /* [CP] Embed Pods Frameworks */ = {
			isa = PBXShellScriptBuildPhase;
			buildActionMask = 2147483647;
			files = (
			);
			inputFileListPaths = (
			);
			inputPaths = (
				"${PODS_ROOT}/Target Support Files/Pods-OTPLoginTests/Pods-OTPLoginTests-frameworks.sh",
				"${BUILT_PRODUCTS_DIR}/RxCocoa/RxCocoa.framework",
				"${BUILT_PRODUCTS_DIR}/RxRelay/RxRelay.framework",
				"${BUILT_PRODUCTS_DIR}/RxSwift/RxSwift.framework",
				"${BUILT_PRODUCTS_DIR}/RxBlocking/RxBlocking.framework",
			);
			name = "[CP] Embed Pods Frameworks";
			outputFileListPaths = (
			);
			outputPaths = (
				"${TARGET_BUILD_DIR}/${FRAMEWORKS_FOLDER_PATH}/RxCocoa.framework",
				"${TARGET_BUILD_DIR}/${FRAMEWORKS_FOLDER_PATH}/RxRelay.framework",
				"${TARGET_BUILD_DIR}/${FRAMEWORKS_FOLDER_PATH}/RxSwift.framework",
				"${TARGET_BUILD_DIR}/${FRAMEWORKS_FOLDER_PATH}/RxBlocking.framework",
			);
			runOnlyForDeploymentPostprocessing = 0;
			shellPath = /bin/sh;
			shellScript = "\"${PODS_ROOT}/Target Support Files/Pods-OTPLoginTests/Pods-OTPLoginTests-frameworks.sh\"\n";
			showEnvVarsInLog = 0;
		};
		2F045E4E0956E825144FD3C7 /* [CP] Embed Pods Frameworks */ = {
			isa = PBXShellScriptBuildPhase;
			buildActionMask = 2147483647;
			files = (
			);
			inputFileListPaths = (
			);
			inputPaths = (
				"${PODS_ROOT}/Target Support Files/Pods-OTPLogin/Pods-OTPLogin-frameworks.sh",
				"${BUILT_PRODUCTS_DIR}/RxCocoa/RxCocoa.framework",
				"${BUILT_PRODUCTS_DIR}/RxRelay/RxRelay.framework",
				"${BUILT_PRODUCTS_DIR}/RxSwift/RxSwift.framework",
				"${BUILT_PRODUCTS_DIR}/lottie-ios/Lottie.framework",
			);
			name = "[CP] Embed Pods Frameworks";
			outputFileListPaths = (
			);
			outputPaths = (
				"${TARGET_BUILD_DIR}/${FRAMEWORKS_FOLDER_PATH}/RxCocoa.framework",
				"${TARGET_BUILD_DIR}/${FRAMEWORKS_FOLDER_PATH}/RxRelay.framework",
				"${TARGET_BUILD_DIR}/${FRAMEWORKS_FOLDER_PATH}/RxSwift.framework",
				"${TARGET_BUILD_DIR}/${FRAMEWORKS_FOLDER_PATH}/Lottie.framework",
			);
			runOnlyForDeploymentPostprocessing = 0;
			shellPath = /bin/sh;
			shellScript = "\"${PODS_ROOT}/Target Support Files/Pods-OTPLogin/Pods-OTPLogin-frameworks.sh\"\n";
			showEnvVarsInLog = 0;
		};
		316DA42BC51FE9268394414B /* [CP] Check Pods Manifest.lock */ = {
			isa = PBXShellScriptBuildPhase;
			buildActionMask = 2147483647;
			files = (
			);
			inputFileListPaths = (
			);
			inputPaths = (
				"${PODS_PODFILE_DIR_PATH}/Podfile.lock",
				"${PODS_ROOT}/Manifest.lock",
			);
			name = "[CP] Check Pods Manifest.lock";
			outputFileListPaths = (
			);
			outputPaths = (
				"$(DERIVED_FILE_DIR)/Pods-OTPLoginTests-checkManifestLockResult.txt",
			);
			runOnlyForDeploymentPostprocessing = 0;
			shellPath = /bin/sh;
			shellScript = "diff \"${PODS_PODFILE_DIR_PATH}/Podfile.lock\" \"${PODS_ROOT}/Manifest.lock\" > /dev/null\nif [ $? != 0 ] ; then\n    # print error to STDERR\n    echo \"error: The sandbox is not in sync with the Podfile.lock. Run 'pod install' or update your CocoaPods installation.\" >&2\n    exit 1\nfi\n# This output is used by Xcode 'outputs' to avoid re-running this script phase.\necho \"SUCCESS\" > \"${SCRIPT_OUTPUT_FILE_0}\"\n";
			showEnvVarsInLog = 0;
		};
		E25CF271E24D253298299C19 /* [CP] Check Pods Manifest.lock */ = {
			isa = PBXShellScriptBuildPhase;
			buildActionMask = 2147483647;
			files = (
			);
			inputFileListPaths = (
			);
			inputPaths = (
				"${PODS_PODFILE_DIR_PATH}/Podfile.lock",
				"${PODS_ROOT}/Manifest.lock",
			);
			name = "[CP] Check Pods Manifest.lock";
			outputFileListPaths = (
			);
			outputPaths = (
				"$(DERIVED_FILE_DIR)/Pods-OTPLogin-checkManifestLockResult.txt",
			);
			runOnlyForDeploymentPostprocessing = 0;
			shellPath = /bin/sh;
			shellScript = "diff \"${PODS_PODFILE_DIR_PATH}/Podfile.lock\" \"${PODS_ROOT}/Manifest.lock\" > /dev/null\nif [ $? != 0 ] ; then\n    # print error to STDERR\n    echo \"error: The sandbox is not in sync with the Podfile.lock. Run 'pod install' or update your CocoaPods installation.\" >&2\n    exit 1\nfi\n# This output is used by Xcode 'outputs' to avoid re-running this script phase.\necho \"SUCCESS\" > \"${SCRIPT_OUTPUT_FILE_0}\"\n";
			showEnvVarsInLog = 0;
		};
/* End PBXShellScriptBuildPhase section */

/* Begin PBXSourcesBuildPhase section */
		72C005DB22CC7FE100C9AAE6 /* Sources */ = {
			isa = PBXSourcesBuildPhase;
			buildActionMask = 2147483647;
			files = (
				72C005E522CC7FE100C9AAE6 /* ViewController.swift in Sources */,
				72C005E322CC7FE100C9AAE6 /* AppDelegate.swift in Sources */,
			);
			runOnlyForDeploymentPostprocessing = 0;
		};
		72C005EF22CC7FE200C9AAE6 /* Sources */ = {
			isa = PBXSourcesBuildPhase;
			buildActionMask = 2147483647;
			files = (
				72C005F822CC7FE200C9AAE6 /* OTPLoginTests.swift in Sources */,
			);
			runOnlyForDeploymentPostprocessing = 0;
		};
/* End PBXSourcesBuildPhase section */

/* Begin PBXTargetDependency section */
		72C005F522CC7FE200C9AAE6 /* PBXTargetDependency */ = {
			isa = PBXTargetDependency;
			target = 72C005DE22CC7FE100C9AAE6 /* OTPLogin */;
			targetProxy = 72C005F422CC7FE200C9AAE6 /* PBXContainerItemProxy */;
		};
/* End PBXTargetDependency section */

/* Begin PBXVariantGroup section */
		72C005E622CC7FE100C9AAE6 /* Main.storyboard */ = {
			isa = PBXVariantGroup;
			children = (
				72C005E722CC7FE100C9AAE6 /* Base */,
			);
			name = Main.storyboard;
			sourceTree = "<group>";
		};
		72C005EB22CC7FE200C9AAE6 /* LaunchScreen.storyboard */ = {
			isa = PBXVariantGroup;
			children = (
				72C005EC22CC7FE200C9AAE6 /* Base */,
			);
			name = LaunchScreen.storyboard;
			sourceTree = "<group>";
		};
/* End PBXVariantGroup section */

/* Begin XCBuildConfiguration section */
		72C005FA22CC7FE200C9AAE6 /* Debug */ = {
			isa = XCBuildConfiguration;
			buildSettings = {
				ALWAYS_SEARCH_USER_PATHS = NO;
				CLANG_ANALYZER_NONNULL = YES;
				CLANG_ANALYZER_NUMBER_OBJECT_CONVERSION = YES_AGGRESSIVE;
				CLANG_CXX_LANGUAGE_STANDARD = "gnu++14";
				CLANG_CXX_LIBRARY = "libc++";
				CLANG_ENABLE_MODULES = YES;
				CLANG_ENABLE_OBJC_ARC = YES;
				CLANG_ENABLE_OBJC_WEAK = YES;
				CLANG_WARN_BLOCK_CAPTURE_AUTORELEASING = YES;
				CLANG_WARN_BOOL_CONVERSION = YES;
				CLANG_WARN_COMMA = YES;
				CLANG_WARN_CONSTANT_CONVERSION = YES;
				CLANG_WARN_DEPRECATED_OBJC_IMPLEMENTATIONS = YES;
				CLANG_WARN_DIRECT_OBJC_ISA_USAGE = YES_ERROR;
				CLANG_WARN_DOCUMENTATION_COMMENTS = YES;
				CLANG_WARN_EMPTY_BODY = YES;
				CLANG_WARN_ENUM_CONVERSION = YES;
				CLANG_WARN_INFINITE_RECURSION = YES;
				CLANG_WARN_INT_CONVERSION = YES;
				CLANG_WARN_NON_LITERAL_NULL_CONVERSION = YES;
				CLANG_WARN_OBJC_IMPLICIT_RETAIN_SELF = YES;
				CLANG_WARN_OBJC_LITERAL_CONVERSION = YES;
				CLANG_WARN_OBJC_ROOT_CLASS = YES_ERROR;
				CLANG_WARN_RANGE_LOOP_ANALYSIS = YES;
				CLANG_WARN_STRICT_PROTOTYPES = YES;
				CLANG_WARN_SUSPICIOUS_MOVE = YES;
				CLANG_WARN_UNGUARDED_AVAILABILITY = YES_AGGRESSIVE;
				CLANG_WARN_UNREACHABLE_CODE = YES;
				CLANG_WARN__DUPLICATE_METHOD_MATCH = YES;
				CODE_SIGN_IDENTITY = "iPhone Developer";
				COPY_PHASE_STRIP = NO;
				DEBUG_INFORMATION_FORMAT = dwarf;
				ENABLE_STRICT_OBJC_MSGSEND = YES;
				ENABLE_TESTABILITY = YES;
				GCC_C_LANGUAGE_STANDARD = gnu11;
				GCC_DYNAMIC_NO_PIC = NO;
				GCC_NO_COMMON_BLOCKS = YES;
				GCC_OPTIMIZATION_LEVEL = 0;
				GCC_PREPROCESSOR_DEFINITIONS = (
					"DEBUG=1",
					"$(inherited)",
				);
				GCC_WARN_64_TO_32_BIT_CONVERSION = YES;
				GCC_WARN_ABOUT_RETURN_TYPE = YES_ERROR;
				GCC_WARN_UNDECLARED_SELECTOR = YES;
				GCC_WARN_UNINITIALIZED_AUTOS = YES_AGGRESSIVE;
				GCC_WARN_UNUSED_FUNCTION = YES;
				GCC_WARN_UNUSED_VARIABLE = YES;
				IPHONEOS_DEPLOYMENT_TARGET = 12.2;
				MTL_ENABLE_DEBUG_INFO = INCLUDE_SOURCE;
				MTL_FAST_MATH = YES;
				ONLY_ACTIVE_ARCH = YES;
				SDKROOT = iphoneos;
				SWIFT_ACTIVE_COMPILATION_CONDITIONS = DEBUG;
				SWIFT_OPTIMIZATION_LEVEL = "-Onone";
			};
			name = Debug;
		};
		72C005FB22CC7FE200C9AAE6 /* Release */ = {
			isa = XCBuildConfiguration;
			buildSettings = {
				ALWAYS_SEARCH_USER_PATHS = NO;
				CLANG_ANALYZER_NONNULL = YES;
				CLANG_ANALYZER_NUMBER_OBJECT_CONVERSION = YES_AGGRESSIVE;
				CLANG_CXX_LANGUAGE_STANDARD = "gnu++14";
				CLANG_CXX_LIBRARY = "libc++";
				CLANG_ENABLE_MODULES = YES;
				CLANG_ENABLE_OBJC_ARC = YES;
				CLANG_ENABLE_OBJC_WEAK = YES;
				CLANG_WARN_BLOCK_CAPTURE_AUTORELEASING = YES;
				CLANG_WARN_BOOL_CONVERSION = YES;
				CLANG_WARN_COMMA = YES;
				CLANG_WARN_CONSTANT_CONVERSION = YES;
				CLANG_WARN_DEPRECATED_OBJC_IMPLEMENTATIONS = YES;
				CLANG_WARN_DIRECT_OBJC_ISA_USAGE = YES_ERROR;
				CLANG_WARN_DOCUMENTATION_COMMENTS = YES;
				CLANG_WARN_EMPTY_BODY = YES;
				CLANG_WARN_ENUM_CONVERSION = YES;
				CLANG_WARN_INFINITE_RECURSION = YES;
				CLANG_WARN_INT_CONVERSION = YES;
				CLANG_WARN_NON_LITERAL_NULL_CONVERSION = YES;
				CLANG_WARN_OBJC_IMPLICIT_RETAIN_SELF = YES;
				CLANG_WARN_OBJC_LITERAL_CONVERSION = YES;
				CLANG_WARN_OBJC_ROOT_CLASS = YES_ERROR;
				CLANG_WARN_RANGE_LOOP_ANALYSIS = YES;
				CLANG_WARN_STRICT_PROTOTYPES = YES;
				CLANG_WARN_SUSPICIOUS_MOVE = YES;
				CLANG_WARN_UNGUARDED_AVAILABILITY = YES_AGGRESSIVE;
				CLANG_WARN_UNREACHABLE_CODE = YES;
				CLANG_WARN__DUPLICATE_METHOD_MATCH = YES;
				CODE_SIGN_IDENTITY = "iPhone Developer";
				COPY_PHASE_STRIP = NO;
				DEBUG_INFORMATION_FORMAT = "dwarf-with-dsym";
				ENABLE_NS_ASSERTIONS = NO;
				ENABLE_STRICT_OBJC_MSGSEND = YES;
				GCC_C_LANGUAGE_STANDARD = gnu11;
				GCC_NO_COMMON_BLOCKS = YES;
				GCC_WARN_64_TO_32_BIT_CONVERSION = YES;
				GCC_WARN_ABOUT_RETURN_TYPE = YES_ERROR;
				GCC_WARN_UNDECLARED_SELECTOR = YES;
				GCC_WARN_UNINITIALIZED_AUTOS = YES_AGGRESSIVE;
				GCC_WARN_UNUSED_FUNCTION = YES;
				GCC_WARN_UNUSED_VARIABLE = YES;
				IPHONEOS_DEPLOYMENT_TARGET = 12.2;
				MTL_ENABLE_DEBUG_INFO = NO;
				MTL_FAST_MATH = YES;
				SDKROOT = iphoneos;
				SWIFT_COMPILATION_MODE = wholemodule;
				SWIFT_OPTIMIZATION_LEVEL = "-O";
				VALIDATE_PRODUCT = YES;
			};
			name = Release;
		};
		72C005FD22CC7FE200C9AAE6 /* Debug */ = {
			isa = XCBuildConfiguration;
			baseConfigurationReference = EF79A8D3E93E0904C3EA8199 /* Pods-OTPLogin.debug.xcconfig */;
			buildSettings = {
				ASSETCATALOG_COMPILER_APPICON_NAME = AppIcon;
				CODE_SIGN_STYLE = Automatic;
				DEVELOPMENT_TEAM = TYS98PS2CY;
				INFOPLIST_FILE = OTPLogin/Info.plist;
				LD_RUNPATH_SEARCH_PATHS = (
					"$(inherited)",
					"@executable_path/Frameworks",
				);
				PRODUCT_BUNDLE_IDENTIFIER = com.fantasy.OTPLogin;
				PRODUCT_NAME = "$(TARGET_NAME)";
				SWIFT_VERSION = 5.0;
				TARGETED_DEVICE_FAMILY = "1,2";
			};
			name = Debug;
		};
		72C005FE22CC7FE200C9AAE6 /* Release */ = {
			isa = XCBuildConfiguration;
			baseConfigurationReference = 03EF5823CDB6F558A6B21466 /* Pods-OTPLogin.release.xcconfig */;
			buildSettings = {
				ASSETCATALOG_COMPILER_APPICON_NAME = AppIcon;
				CODE_SIGN_STYLE = Automatic;
				DEVELOPMENT_TEAM = TYS98PS2CY;
				INFOPLIST_FILE = OTPLogin/Info.plist;
				LD_RUNPATH_SEARCH_PATHS = (
					"$(inherited)",
					"@executable_path/Frameworks",
				);
				PRODUCT_BUNDLE_IDENTIFIER = com.fantasy.OTPLogin;
				PRODUCT_NAME = "$(TARGET_NAME)";
				SWIFT_VERSION = 5.0;
				TARGETED_DEVICE_FAMILY = "1,2";
			};
			name = Release;
		};
		72C0060022CC7FE200C9AAE6 /* Debug */ = {
			isa = XCBuildConfiguration;
			baseConfigurationReference = E7DD560CA69FA2EEEEE552F2 /* Pods-OTPLoginTests.debug.xcconfig */;
			buildSettings = {
				ALWAYS_EMBED_SWIFT_STANDARD_LIBRARIES = YES;
				BUNDLE_LOADER = "$(TEST_HOST)";
				CODE_SIGN_STYLE = Automatic;
				INFOPLIST_FILE = OTPLoginTests/Info.plist;
				LD_RUNPATH_SEARCH_PATHS = (
					"$(inherited)",
					"@executable_path/Frameworks",
					"@loader_path/Frameworks",
				);
				PRODUCT_BUNDLE_IDENTIFIER = com.fantasy.OTPLoginTests;
				PRODUCT_NAME = "$(TARGET_NAME)";
				SWIFT_VERSION = 5.0;
				TARGETED_DEVICE_FAMILY = "1,2";
				TEST_HOST = "$(BUILT_PRODUCTS_DIR)/OTPLogin.app/OTPLogin";
			};
			name = Debug;
		};
		72C0060122CC7FE200C9AAE6 /* Release */ = {
			isa = XCBuildConfiguration;
			baseConfigurationReference = 8B37807EC4709B26ECD48299 /* Pods-OTPLoginTests.release.xcconfig */;
			buildSettings = {
				ALWAYS_EMBED_SWIFT_STANDARD_LIBRARIES = YES;
				BUNDLE_LOADER = "$(TEST_HOST)";
				CODE_SIGN_STYLE = Automatic;
				INFOPLIST_FILE = OTPLoginTests/Info.plist;
				LD_RUNPATH_SEARCH_PATHS = (
					"$(inherited)",
					"@executable_path/Frameworks",
					"@loader_path/Frameworks",
				);
				PRODUCT_BUNDLE_IDENTIFIER = com.fantasy.OTPLoginTests;
				PRODUCT_NAME = "$(TARGET_NAME)";
				SWIFT_VERSION = 5.0;
				TARGETED_DEVICE_FAMILY = "1,2";
				TEST_HOST = "$(BUILT_PRODUCTS_DIR)/OTPLogin.app/OTPLogin";
			};
			name = Release;
		};
/* End XCBuildConfiguration section */

/* Begin XCConfigurationList section */
		72C005DA22CC7FE100C9AAE6 /* Build configuration list for PBXProject "OTPLogin" */ = {
			isa = XCConfigurationList;
			buildConfigurations = (
				72C005FA22CC7FE200C9AAE6 /* Debug */,
				72C005FB22CC7FE200C9AAE6 /* Release */,
			);
			defaultConfigurationIsVisible = 0;
			defaultConfigurationName = Release;
		};
		72C005FC22CC7FE200C9AAE6 /* Build configuration list for PBXNativeTarget "OTPLogin" */ = {
			isa = XCConfigurationList;
			buildConfigurations = (
				72C005FD22CC7FE200C9AAE6 /* Debug */,
				72C005FE22CC7FE200C9AAE6 /* Release */,
			);
			defaultConfigurationIsVisible = 0;
			defaultConfigurationName = Release;
		};
		72C005FF22CC7FE200C9AAE6 /* Build configuration list for PBXNativeTarget "OTPLoginTests" */ = {
			isa = XCConfigurationList;
			buildConfigurations = (
				72C0060022CC7FE200C9AAE6 /* Debug */,
				72C0060122CC7FE200C9AAE6 /* Release */,
			);
			defaultConfigurationIsVisible = 0;
			defaultConfigurationName = Release;
		};
/* End XCConfigurationList section */
	};
	rootObject = 72C005D722CC7FE100C9AAE6 /* Project object */;
}
